{
  "version": 4,
  "terraform_version": "0.12.18",
  "serial": 51,
  "lineage": "085ceb74-4055-eaaa-77ea-c257f4a179fe",
  "outputs": {},
  "resources": [
    {
      "mode": "managed",
      "type": "google_container_cluster",
      "name": "spark_cluster",
      "provider": "provider.google-beta",
      "instances": [
        {
          "schema_version": 1,
          "attributes": {
            "additional_zones": [],
            "addons_config": [
              {
                "cloudrun_config": [],
                "horizontal_pod_autoscaling": [],
                "http_load_balancing": [],
                "istio_config": [],
                "kubernetes_dashboard": [],
                "network_policy_config": [
                  {
                    "disabled": true
                  }
                ]
              }
            ],
            "authenticator_groups_config": [],
            "cluster_autoscaling": [
              {
                "auto_provisioning_defaults": [],
                "enabled": false,
                "resource_limits": []
              }
            ],
            "cluster_ipv4_cidr": "10.8.0.0/14",
            "database_encryption": [
              {
                "key_name": "",
                "state": "DECRYPTED"
              }
            ],
            "default_max_pods_per_node": 110,
            "description": "",
            "enable_binary_authorization": false,
            "enable_intranode_visibility": false,
            "enable_kubernetes_alpha": false,
            "enable_legacy_abac": false,
            "enable_shielded_nodes": false,
            "enable_tpu": false,
            "endpoint": "34.87.253.221",
            "id": "projects/spark-demo-266309/locations/australia-southeast1-a/clusters/spark-cluster",
            "initial_node_count": 2,
            "instance_group_urls": [
              "https://www.googleapis.com/compute/beta/projects/spark-demo-266309/zones/australia-southeast1-a/instanceGroups/gke-spark-cluster-default-pool-430baea0-grp"
            ],
            "ip_allocation_policy": [],
            "location": "australia-southeast1-a",
            "logging_service": "logging.googleapis.com/kubernetes",
            "maintenance_policy": [],
            "master_auth": [
              {
                "client_certificate": "",
                "client_certificate_config": [
                  {
                    "issue_client_certificate": false
                  }
                ],
                "client_key": "",
                "cluster_ca_certificate": "LS0tLS1CRUdJTiBDRVJUSUZJQ0FURS0tLS0tCk1JSURDekNDQWZPZ0F3SUJBZ0lRTG9sdmgvdVZMVFhLQWFMMnEwQkpsakFOQmdrcWhraUc5dzBCQVFzRkFEQXYKTVMwd0t3WURWUVFERXlRME5EbGtZekU1WlMxbE16QXlMVFF4TVdRdE9EUXdPUzFrWTJFMVpEUXdZV1JtTURRdwpIaGNOTWpBd01qSTVNRGN3T0RReFdoY05NalV3TWpJM01EZ3dPRFF4V2pBdk1TMHdLd1lEVlFRREV5UTBORGxrCll6RTVaUzFsTXpBeUxUUXhNV1F0T0RRd09TMWtZMkUxWkRRd1lXUm1NRFF3Z2dFaU1BMEdDU3FHU0liM0RRRUIKQVFVQUE0SUJEd0F3Z2dFS0FvSUJBUURmMG4rVDd6bmh1a2dvL2FWSjRZSGFRMjRHclAxTkZxWk8vNldTbklFYQpKejczRGxMZmpiU1FjT2lGWldBVGgwekVtZTdpUmtuZitScFpHeEhLRytUblkvb1loKzYzUGhNOW1xbnJ1QW9WCkVjQ2NLRjY5aFFXUnFHRy9XekczYVNyOTdjNXluZitwcExUZWJHSGd3bzkwdXJoeWxGQUtyRHRRWitkVFpUMlcKMWsyM0NSNU1TVFRjNUZVaUFEV0VydE1PUngwQlFhYlFUY1ZaeFpnSm9ZRzhSa1Y3Qlh0MmJFOWpieVcwRzdHVwpHcUIvdG1yeCtudVpTM2phQVAvZ3g2K0N2TjZOZXJDZlk5NmY5SmViZWFwSEhrV1pJUXZ6Qzl6UUQwZVhSUklECkZSLzl4enVaVTAzWWorSmZiSklYc1QyT0Z3c1M1RFJ2cnpxeTBvNlJlcHhMQWdNQkFBR2pJekFoTUE0R0ExVWQKRHdFQi93UUVBd0lDQkRBUEJnTlZIUk1CQWY4RUJUQURBUUgvTUEwR0NTcUdTSWIzRFFFQkN3VUFBNElCQVFERwpMaHM2U0UwV2Fjem43OStsclZPbGVsZmp2emhrUkcxVi9yaWhtNU13ZFFXemJtVUZTVEV5SVdNTk9GaHh3eTdLCjYxalRpSFhldUREL0NUcUMwOG9YcnRUUUlBRFR0SUNQSjFTZktxVzVxVnVrWExnTGxTQ3dEME5MVWxpRytWUzQKU0VMYzV5Z0NqZ2VEcFN5WlJyVm5LOGtRcmtJZEJXODVLSUFHc0JtZjRZWFoyd0ZpcVBqRGZpODltVFRPdFg5OApEbWhyUkZuRWFiL1FrNkp4c0xZd3AvaFFXTzVxQ1E0b1N4ekZobFRpaStXdlNETnZ1cFdSN0MvaUpMdEZKWUV4Ci9TbWx6VzU0dXROcFIzU3RkZDdKdU04aGlIYTUzelBwbUpuNGRGanNvWmlab0htTC9BdzlpYXNPZzhpbk5UMnMKcE9EeGVXVmdBY09JZXpqR1R2TWEKLS0tLS1FTkQgQ0VSVElGSUNBVEUtLS0tLQo=",
                "password": "",
                "username": ""
              }
            ],
            "master_authorized_networks_config": [],
            "master_version": "1.14.10-gke.17",
            "min_master_version": null,
            "monitoring_service": "monitoring.googleapis.com/kubernetes",
            "name": "spark-cluster",
            "network": "projects/spark-demo-266309/global/networks/private-network",
            "network_policy": [
              {
                "enabled": false,
                "provider": "PROVIDER_UNSPECIFIED"
              }
            ],
            "node_config": [
              {
                "disk_size_gb": 30,
                "disk_type": "pd-standard",
                "guest_accelerator": [],
                "image_type": "COS",
                "labels": {},
                "local_ssd_count": 0,
                "machine_type": "n1-standard-4",
                "metadata": {
                  "disable-legacy-endpoints": "true"
                },
                "min_cpu_platform": "",
                "oauth_scopes": [
                  "https://www.googleapis.com/auth/devstorage.read_only",
                  "https://www.googleapis.com/auth/logging.write",
                  "https://www.googleapis.com/auth/monitoring",
                  "https://www.googleapis.com/auth/service.management.readonly",
                  "https://www.googleapis.com/auth/servicecontrol",
                  "https://www.googleapis.com/auth/trace.append"
                ],
                "preemptible": false,
                "sandbox_config": [],
                "service_account": "default",
                "shielded_instance_config": [
                  {
                    "enable_integrity_monitoring": true,
                    "enable_secure_boot": false
                  }
                ],
                "tags": null,
                "taint": [],
                "workload_metadata_config": []
              }
            ],
            "node_locations": [],
            "node_pool": [
              {
                "autoscaling": [],
                "initial_node_count": 2,
                "instance_group_urls": [
                  "https://www.googleapis.com/compute/v1/projects/spark-demo-266309/zones/australia-southeast1-a/instanceGroupManagers/gke-spark-cluster-default-pool-430baea0-grp"
                ],
                "management": [
                  {
                    "auto_repair": false,
                    "auto_upgrade": true
                  }
                ],
                "max_pods_per_node": 0,
                "name": "default-pool",
                "name_prefix": "",
                "node_config": [
                  {
                    "disk_size_gb": 30,
                    "disk_type": "pd-standard",
                    "guest_accelerator": [],
                    "image_type": "COS",
                    "labels": {},
                    "local_ssd_count": 0,
                    "machine_type": "n1-standard-4",
                    "metadata": {
                      "disable-legacy-endpoints": "true"
                    },
                    "min_cpu_platform": "",
                    "oauth_scopes": [
                      "https://www.googleapis.com/auth/devstorage.read_only",
                      "https://www.googleapis.com/auth/logging.write",
                      "https://www.googleapis.com/auth/monitoring",
                      "https://www.googleapis.com/auth/service.management.readonly",
                      "https://www.googleapis.com/auth/servicecontrol",
                      "https://www.googleapis.com/auth/trace.append"
                    ],
                    "preemptible": false,
                    "sandbox_config": [],
                    "service_account": "default",
                    "shielded_instance_config": [
                      {
                        "enable_integrity_monitoring": true,
                        "enable_secure_boot": false
                      }
                    ],
                    "tags": [],
                    "taint": [],
                    "workload_metadata_config": []
                  }
                ],
                "node_count": 2,
                "node_locations": [
                  "australia-southeast1-a"
                ],
                "upgrade_settings": [],
                "version": "1.14.10-gke.17"
              }
            ],
            "node_version": "1.14.10-gke.17",
            "operation": null,
            "pod_security_policy_config": [],
            "private_cluster_config": [],
            "project": "spark-demo-266309",
            "region": null,
            "release_channel": [
              {
                "channel": "UNSPECIFIED"
              }
            ],
            "remove_default_node_pool": null,
            "resource_labels": null,
            "resource_usage_export_config": [],
            "services_ipv4_cidr": "10.11.240.0/20",
            "subnetwork": "projects/spark-demo-266309/regions/australia-southeast1/subnetworks/regional-subnet",
            "timeouts": {
              "create": "30m",
              "delete": null,
              "update": "40m"
            },
            "tpu_ipv4_cidr_block": "",
            "vertical_pod_autoscaling": [],
            "workload_identity_config": [],
            "zone": null
          },
          "private": "eyJlMmJmYjczMC1lY2FhLTExZTYtOGY4OC0zNDM2M2JjN2M0YzAiOnsiY3JlYXRlIjoxODAwMDAwMDAwMDAwLCJkZWxldGUiOjI0MDAwMDAwMDAwMDAsInVwZGF0ZSI6MjQwMDAwMDAwMDAwMH0sInNjaGVtYV92ZXJzaW9uIjoiMSJ9"
        }
      ]
    }
  ]
}
